
Microsoft Visual Studio Solution File, Format Version 12.00
# Visual Studio Version 18
VisualStudioVersion = 18.6.11822.322
MinimumVisualStudioVersion = 10.0.40219.1
Project("{2150E333-8FDC-42A3-9474-1A3956D46DE8}") = "product-catalog", "product-catalog", "{02EA681E-C7D8-13C7-8484-4AC65E1B71E8}"
EndProject
Project("{FAE04EC0-301F-11D3-BF4B-00C04F79EFBC}") = "Amazon.ProductCatalog.Api", "product-catalog\Amazon.ProductCatalog.Api\Amazon.ProductCatalog.Api.csproj", "{7A2B49A0-808E-4F2C-8734-67C54BDCE4CE}"
EndProject
Project("{FAE04EC0-301F-11D3-BF4B-00C04F79EFBC}") = "Amazon.ProductCatalog.Domain", "product-catalog\Amazon.ProductCatalog.Domain\Amazon.ProductCatalog.Domain.csproj", "{52670E18-25E8-465C-B28B-8D3ACC08A949}"
EndProject
Project("{2150E333-8FDC-42A3-9474-1A3956D46DE8}") = "shared-kernel", "shared-kernel", "{3111E880-2610-4D6C-B6AB-3F5F688BBCE5}"
EndProject
Project("{FAE04EC0-301F-11D3-BF4B-00C04F79EFBC}") = "Amazon.SharedKernel", "shared-kernel\Amazon.SharedKernel\Amazon.SharedKernel.csproj", "{2E04A9AC-3D4D-4ED6-B15F-4A66D9D72E88}"
EndProject
Project("{FAE04EC0-301F-11D3-BF4B-00C04F79EFBC}") = "Amazon.ProductCatalog.Application", "product-catalog\Amazon.ProductCatalog.Application\Amazon.ProductCatalog.Application.csproj", "{13AC1632-2837-4105-AB61-2F75E705F62E}"
EndProject
Project("{2150E333-8FDC-42A3-9474-1A3956D46DE8}") = "tests", "tests", "{EB27E21A-16F1-4CCC-9865-0D4FD407B2C5}"
EndProject
Project("{FAE04EC0-301F-11D3-BF4B-00C04F79EFBC}") = "Amazon.ProductCatalog.Domain.Tests", "product-catalog\tests\Amazon.ProductCatalog.Domain.Tests\Amazon.ProductCatalog.Domain.Tests.csproj", "{87D2CECA-308A-4B89-8B48-B2C6EDD5817F}"
EndProject
Project("{FAE04EC0-301F-11D3-BF4B-00C04F79EFBC}") = "Amazon.ProductCatalog.Infrastructure", "product-catalog\Amazon.ProductCatalog.Infrastructure\Amazon.ProductCatalog.Infrastructure.csproj", "{AAF89F82-1E40-4980-BDD2-0C5BC7674F0B}"
EndProject
Project("{2150E333-8FDC-42A3-9474-1A3956D46DE8}") = "orders", "orders", "{0BA62D2E-E492-4824-BBF8-053F1B4AF59C}"
EndProject
Project("{FAE04EC0-301F-11D3-BF4B-00C04F79EFBC}") = "Amazon.Orders.Domain", "orders\Amazon.Orders.Domain\Amazon.Orders.Domain.csproj", "{6F6507AA-5346-4496-AD3A-244132C3A1D9}"
EndProject
Project("{FAE04EC0-301F-11D3-BF4B-00C04F79EFBC}") = "Amazon.Orders.Application", "orders\Amazon.Orders.Application\Amazon.Orders.Application.csproj", "{A7D7F727-D149-4308-AC3C-D216EC772464}"
EndProject
Project("{FAE04EC0-301F-11D3-BF4B-00C04F79EFBC}") = "Amazon.Orders.Infrastructure", "orders\Amazon.Orders.Infrastructure\Amazon.Orders.Infrastructure.csproj", "{9D228A84-D260-477D-BAD9-DC8D091508D4}"
EndProject
Project("{2150E333-8FDC-42A3-9474-1A3956D46DE8}") = "tests", "tests", "{52DFC64C-68A8-477E-B8C7-97DEB58F3441}"
EndProject
Project("{FAE04EC0-301F-11D3-BF4B-00C04F79EFBC}") = "Amazon.Orders.Domain.Tests", "orders\tests\Amazon.Orders.Domain.Tests\Amazon.Orders.Domain.Tests.csproj", "{F0602E97-C197-4467-BC5A-97E11ED44E66}"
EndProject
Project("{FAE04EC0-301F-11D3-BF4B-00C04F79EFBC}") = "Amazon.Orders.Api", "orders\Amazon.Orders.Api\Amazon.Orders.Api.csproj", "{7FFCD5FB-A041-41F8-A2D1-ACB257A9B1A1}"
EndProject
Project("{2150E333-8FDC-42A3-9474-1A3956D46DE8}") = "inventory", "inventory", "{B24DE1B1-16AB-4EE2-800C-113282F4E9D9}"
EndProject
Project("{FAE04EC0-301F-11D3-BF4B-00C04F79EFBC}") = "Amazon.Inventory.Domain", "inventory\Amazon.Inventory.Domain\Amazon.Inventory.Domain.csproj", "{F017C832-36F3-40FC-912C-4A8ED362C21C}"
EndProject
Project("{FAE04EC0-301F-11D3-BF4B-00C04F79EFBC}") = "Amazon.Inventory.Application", "inventory\Amazon.Inventory.Application\Amazon.Inventory.Application.csproj", "{4ABAE27A-44A2-4398-BB55-7054D92CA20D}"
EndProject
Project("{FAE04EC0-301F-11D3-BF4B-00C04F79EFBC}") = "Amazon.Inventory.Infrastructure", "inventory\Amazon.Inventory.Infrastructure\Amazon.Inventory.Infrastructure.csproj", "{031EACE5-CDCE-4B4E-8B4D-C5211EDD29C3}"
EndProject
Project("{FAE04EC0-301F-11D3-BF4B-00C04F79EFBC}") = "Amazon.Inventory.Grpc", "inventory\Amazon.Inventory.Grpc\Amazon.Inventory.Grpc.csproj", "{D46C7653-76CF-47D6-A923-CE16CF56AB25}"
EndProject
Project("{2150E333-8FDC-42A3-9474-1A3956D46DE8}") = "identity-management", "identity-management", "{596BEA8B-F9C5-4EA9-AC99-52B5B9D7D321}"
EndProject
Project("{FAE04EC0-301F-11D3-BF4B-00C04F79EFBC}") = "Amazon.Identity.Presentation", "identity-management\Amazon.Identity.Presentation\Amazon.Identity.Presentation.csproj", "{10A10D1D-8E34-4CB6-9529-0CD965BF9F6F}"
EndProject
Project("{2150E333-8FDC-42A3-9474-1A3956D46DE8}") = "media", "media", "{8237EA71-8C22-403C-BF24-C68684C11783}"
EndProject
Project("{FAE04EC0-301F-11D3-BF4B-00C04F79EFBC}") = "Media.Api", "media\Media.Api\Media.Api.csproj", "{F6933F80-398B-4389-A061-01F29FFC5BD4}"
EndProject
Project("{FAE04EC0-301F-11D3-BF4B-00C04F79EFBC}") = "Media.Application", "media\Media.Application\Media.Application.csproj", "{013922C4-C629-40D5-95EB-B53A51F1B0ED}"
EndProject
Project("{FAE04EC0-301F-11D3-BF4B-00C04F79EFBC}") = "Media.Domain", "media\Media.Domain\Media.Domain.csproj", "{BDA0D8D7-609C-4A98-8F33-7B16BFDD5D5E}"
EndProject
Project("{FAE04EC0-301F-11D3-BF4B-00C04F79EFBC}") = "Media.Infrastructure", "media\Media.Infrastructure\Media.Infrastructure.csproj", "{6EF18718-77AA-4D95-B23A-CBB6A6A830D2}"
EndProject
Project("{2150E333-8FDC-42A3-9474-1A3956D46DE8}") = "cart", "cart", "{0EFDEEDE-9164-4B72-A3AF-33B44C100D10}"
EndProject
Project("{FAE04EC0-301F-11D3-BF4B-00C04F79EFBC}") = "Amazon.Cart.Api", "cart\Amazon.Cart.Api\Amazon.Cart.Api.csproj", "{B990576A-B767-4802-AB6F-36C16F719B4E}"
EndProject
Project("{FAE04EC0-301F-11D3-BF4B-00C04F79EFBC}") = "Amazon.Cart.Application", "cart\Amazon.Cart.Application\Amazon.Cart.Application.csproj", "{8513FB4B-8643-4C1F-B46F-3449390AD392}"
EndProject
Project("{FAE04EC0-301F-11D3-BF4B-00C04F79EFBC}") = "Amazon.Cart.Domain", "cart\Amazon.Cart.Domain\Amazon.Cart.Domain.csproj", "{956C0D03-5955-4A25-BB2D-D367460150EA}"
EndProject
Project("{FAE04EC0-301F-11D3-BF4B-00C04F79EFBC}") = "Amazon.Cart.Infrastructure", "cart\Amazon.Cart.Infrastructure\Amazon.Cart.Infrastructure.csproj", "{367A81F5-8CAE-4F46-B6A5-6A935BA6F1CB}"
EndProject
Project("{2150E333-8FDC-42A3-9474-1A3956D46DE8}") = "customers", "customers", "{76D774E4-37CD-4E6F-8EBE-CD33E9986730}"
EndProject
Project("{FAE04EC0-301F-11D3-BF4B-00C04F79EFBC}") = "Amazon.Customers.Domain", "customers\Amazon.Customers.Domain\Amazon.Customers.Domain.csproj", "{DF5D0EA6-22E1-43B2-BA4E-047607665023}"
EndProject
Project("{FAE04EC0-301F-11D3-BF4B-00C04F79EFBC}") = "Amazon.Customers.Infrastructure", "customers\Amazon.Customers.Infrastructure\Amazon.Customers.Infrastructure.csproj", "{FE996270-C3C8-42D9-A886-54B5A59B6B24}"
EndProject
Project("{FAE04EC0-301F-11D3-BF4B-00C04F79EFBC}") = "Amazon.Customers.API", "customers\Amazon.Customers.API\Amazon.Customers.API.csproj", "{0BD45C80-AB9C-40F4-8400-D1ADDB236BC1}"
EndProject
Project("{FAE04EC0-301F-11D3-BF4B-00C04F79EFBC}") = "Amazon.Customers.Application", "customers\Amazon.Customers.Application\Amazon.Customers.Application.csproj", "{01ABA623-1598-4944-B1FD-C85AD34B2BDC}"
EndProject
Project("{FAE04EC0-301F-11D3-BF4B-00C04F79EFBC}") = "Amazon.Customers.Domain.Tests", "customers\Amazon.Customers.Domain.Tests\Amazon.Customers.Domain.Tests.csproj", "{1CBA53FC-A588-4512-BACD-E33490184053}"
EndProject
Project("{FAE04EC0-301F-11D3-BF4B-00C04F79EFBC}") = "Cart.MongoClient", "cart\Cart.MongoClient\Cart.MongoClient.csproj", "{889C5D5B-4597-46DC-B102-9426C7DABBF7}"
EndProject
Project("{2150E333-8FDC-42A3-9474-1A3956D46DE8}") = "gateway", "gateway", "{CEAA1603-A770-476C-87F3-23E6AA2063AE}"
EndProject
Project("{FAE04EC0-301F-11D3-BF4B-00C04F79EFBC}") = "Amazon.Apis.Gateway", "gateway\Amazon.Apis.Gateway\Amazon.Apis.Gateway.csproj", "{AB2A50FF-7546-455E-AB35-F51A00B44CEB}"
EndProject
Global
	GlobalSection(SolutionConfigurationPlatforms) = preSolution
		Debug|Any CPU = Debug|Any CPU
		Release|Any CPU = Release|Any CPU
	EndGlobalSection
	GlobalSection(ProjectConfigurationPlatforms) = postSolution
		{7A2B49A0-808E-4F2C-8734-67C54BDCE4CE}.Debug|Any CPU.ActiveCfg = Debug|Any CPU
		{7A2B49A0-808E-4F2C-8734-67C54BDCE4CE}.Debug|Any CPU.Build.0 = Debug|Any CPU
		{7A2B49A0-808E-4F2C-8734-67C54BDCE4CE}.Release|Any CPU.ActiveCfg = Release|Any CPU
		{7A2B49A0-808E-4F2C-8734-67C54BDCE4CE}.Release|Any CPU.Build.0 = Release|Any CPU
		{52670E18-25E8-465C-B28B-8D3ACC08A949}.Debug|Any CPU.ActiveCfg = Debug|Any CPU
		{52670E18-25E8-465C-B28B-8D3ACC08A949}.Debug|Any CPU.Build.0 = Debug|Any CPU
		{52670E18-25E8-465C-B28B-8D3ACC08A949}.Release|Any CPU.ActiveCfg = Release|Any CPU
		{52670E18-25E8-465C-B28B-8D3ACC08A949}.Release|Any CPU.Build.0 = Release|Any CPU
		{2E04A9AC-3D4D-4ED6-B15F-4A66D9D72E88}.Debug|Any CPU.ActiveCfg = Debug|Any CPU
		{2E04A9AC-3D4D-4ED6-B15F-4A66D9D72E88}.Debug|Any CPU.Build.0 = Debug|Any CPU
		{2E04A9AC-3D4D-4ED6-B15F-4A66D9D72E88}.Release|Any CPU.ActiveCfg = Release|Any CPU
		{2E04A9AC-3D4D-4ED6-B15F-4A66D9D72E88}.Release|Any CPU.Build.0 = Release|Any CPU
		{13AC1632-2837-4105-AB61-2F75E705F62E}.Debug|Any CPU.ActiveCfg = Debug|Any CPU
		{13AC1632-2837-4105-AB61-2F75E705F62E}.Debug|Any CPU.Build.0 = Debug|Any CPU
		{13AC1632-2837-4105-AB61-2F75E705F62E}.Release|Any CPU.ActiveCfg = Release|Any CPU
		{13AC1632-2837-4105-AB61-2F75E705F62E}.Release|Any CPU.Build.0 = Release|Any CPU
		{87D2CECA-308A-4B89-8B48-B2C6EDD5817F}.Debug|Any CPU.ActiveCfg = Debug|Any CPU
		{87D2CECA-308A-4B89-8B48-B2C6EDD5817F}.Debug|Any CPU.Build.0 = Debug|Any CPU
		{87D2CECA-308A-4B89-8B48-B2C6EDD5817F}.Release|Any CPU.ActiveCfg = Release|Any CPU
		{87D2CECA-308A-4B89-8B48-B2C6EDD5817F}.Release|Any CPU.Build.0 = Release|Any CPU
		{AAF89F82-1E40-4980-BDD2-0C5BC7674F0B}.Debug|Any CPU.ActiveCfg = Debug|Any CPU
		{AAF89F82-1E40-4980-BDD2-0C5BC7674F0B}.Debug|Any CPU.Build.0 = Debug|Any CPU
		{AAF89F82-1E40-4980-BDD2-0C5BC7674F0B}.Release|Any CPU.ActiveCfg = Release|Any CPU
		{AAF89F82-1E40-4980-BDD2-0C5BC7674F0B}.Release|Any CPU.Build.0 = Release|Any CPU
		{6F6507AA-5346-4496-AD3A-244132C3A1D9}.Debug|Any CPU.ActiveCfg = Debug|Any CPU
		{6F6507AA-5346-4496-AD3A-244132C3A1D9}.Debug|Any CPU.Build.0 = Debug|Any CPU
		{6F6507AA-5346-4496-AD3A-244132C3A1D9}.Release|Any CPU.ActiveCfg = Release|Any CPU
		{6F6507AA-5346-4496-AD3A-244132C3A1D9}.Release|Any CPU.Build.0 = Release|Any CPU
		{A7D7F727-D149-4308-AC3C-D216EC772464}.Debug|Any CPU.ActiveCfg = Debug|Any CPU
		{A7D7F727-D149-4308-AC3C-D216EC772464}.Debug|Any CPU.Build.0 = Debug|Any CPU
		{A7D7F727-D149-4308-AC3C-D216EC772464}.Release|Any CPU.ActiveCfg = Release|Any CPU
		{A7D7F727-D149-4308-AC3C-D216EC772464}.Release|Any CPU.Build.0 = Release|Any CPU
		{9D228A84-D260-477D-BAD9-DC8D091508D4}.Debug|Any CPU.ActiveCfg = Debug|Any CPU
		{9D228A84-D260-477D-BAD9-DC8D091508D4}.Debug|Any CPU.Build.0 = Debug|Any CPU
		{9D228A84-D260-477D-BAD9-DC8D091508D4}.Release|Any CPU.ActiveCfg = Release|Any CPU
		{9D228A84-D260-477D-BAD9-DC8D091508D4}.Release|Any CPU.Build.0 = Release|Any CPU
		{F0602E97-C197-4467-BC5A-97E11ED44E66}.Debug|Any CPU.ActiveCfg = Debug|Any CPU
		{F0602E97-C197-4467-BC5A-97E11ED44E66}.Debug|Any CPU.Build.0 = Debug|Any CPU
		{F0602E97-C197-4467-BC5A-97E11ED44E66}.Release|Any CPU.ActiveCfg = Release|Any CPU
		{F0602E97-C197-4467-BC5A-97E11ED44E66}.Release|Any CPU.Build.0 = Release|Any CPU
		{7FFCD5FB-A041-41F8-A2D1-ACB257A9B1A1}.Debug|Any CPU.ActiveCfg = Debug|Any CPU
		{7FFCD5FB-A041-41F8-A2D1-ACB257A9B1A1}.Debug|Any CPU.Build.0 = Debug|Any CPU
		{7FFCD5FB-A041-41F8-A2D1-ACB257A9B1A1}.Release|Any CPU.ActiveCfg = Release|Any CPU
		{7FFCD5FB-A041-41F8-A2D1-ACB257A9B1A1}.Release|Any CPU.Build.0 = Release|Any CPU
		{F017C832-36F3-40FC-912C-4A8ED362C21C}.Debug|Any CPU.ActiveCfg = Debug|Any CPU
		{F017C832-36F3-40FC-912C-4A8ED362C21C}.Debug|Any CPU.Build.0 = Debug|Any CPU
		{F017C832-36F3-40FC-912C-4A8ED362C21C}.Release|Any CPU.ActiveCfg = Release|Any CPU
		{F017C832-36F3-40FC-912C-4A8ED362C21C}.Release|Any CPU.Build.0 = Release|Any CPU
		{4ABAE27A-44A2-4398-BB55-7054D92CA20D}.Debug|Any CPU.ActiveCfg = Debug|Any CPU
		{4ABAE27A-44A2-4398-BB55-7054D92CA20D}.Debug|Any CPU.Build.0 = Debug|Any CPU
		{4ABAE27A-44A2-4398-BB55-7054D92CA20D}.Release|Any CPU.ActiveCfg = Release|Any CPU
		{4ABAE27A-44A2-4398-BB55-7054D92CA20D}.Release|Any CPU.Build.0 = Release|Any CPU
		{031EACE5-CDCE-4B4E-8B4D-C5211EDD29C3}.Debug|Any CPU.ActiveCfg = Debug|Any CPU
		{031EACE5-CDCE-4B4E-8B4D-C5211EDD29C3}.Debug|Any CPU.Build.0 = Debug|Any CPU
		{031EACE5-CDCE-4B4E-8B4D-C5211EDD29C3}.Release|Any CPU.ActiveCfg = Release|Any CPU
		{031EACE5-CDCE-4B4E-8B4D-C5211EDD29C3}.Release|Any CPU.Build.0 = Release|Any CPU
		{D46C7653-76CF-47D6-A923-CE16CF56AB25}.Debug|Any CPU.ActiveCfg = Debug|Any CPU
		{D46C7653-76CF-47D6-A923-CE16CF56AB25}.Debug|Any CPU.Build.0 = Debug|Any CPU
		{D46C7653-76CF-47D6-A923-CE16CF56AB25}.Release|Any CPU.ActiveCfg = Release|Any CPU
		{D46C7653-76CF-47D6-A923-CE16CF56AB25}.Release|Any CPU.Build.0 = Release|Any CPU
		{10A10D1D-8E34-4CB6-9529-0CD965BF9F6F}.Debug|Any CPU.ActiveCfg = Debug|Any CPU
		{10A10D1D-8E34-4CB6-9529-0CD965BF9F6F}.Debug|Any CPU.Build.0 = Debug|Any CPU
		{10A10D1D-8E34-4CB6-9529-0CD965BF9F6F}.Release|Any CPU.ActiveCfg = Release|Any CPU
		{10A10D1D-8E34-4CB6-9529-0CD965BF9F6F}.Release|Any CPU.Build.0 = Release|Any CPU
		{F6933F80-398B-4389-A061-01F29FFC5BD4}.Debug|Any CPU.ActiveCfg = Debug|Any CPU
		{F6933F80-398B-4389-A061-01F29FFC5BD4}.Debug|Any CPU.Build.0 = Debug|Any CPU
		{F6933F80-398B-4389-A061-01F29FFC5BD4}.Release|Any CPU.ActiveCfg = Release|Any CPU
		{F6933F80-398B-4389-A061-01F29FFC5BD4}.Release|Any CPU.Build.0 = Release|Any CPU
		{013922C4-C629-40D5-95EB-B53A51F1B0ED}.Debug|Any CPU.ActiveCfg = Debug|Any CPU
		{013922C4-C629-40D5-95EB-B53A51F1B0ED}.Debug|Any CPU.Build.0 = Debug|Any CPU
		{013922C4-C629-40D5-95EB-B53A51F1B0ED}.Release|Any CPU.ActiveCfg = Release|Any CPU
		{013922C4-C629-40D5-95EB-B53A51F1B0ED}.Release|Any CPU.Build.0 = Release|Any CPU
		{BDA0D8D7-609C-4A98-8F33-7B16BFDD5D5E}.Debug|Any CPU.ActiveCfg = Debug|Any CPU
		{BDA0D8D7-609C-4A98-8F33-7B16BFDD5D5E}.Debug|Any CPU.Build.0 = Debug|Any CPU
		{BDA0D8D7-609C-4A98-8F33-7B16BFDD5D5E}.Release|Any CPU.ActiveCfg = Release|Any CPU
		{BDA0D8D7-609C-4A98-8F33-7B16BFDD5D5E}.Release|Any CPU.Build.0 = Release|Any CPU
		{6EF18718-77AA-4D95-B23A-CBB6A6A830D2}.Debug|Any CPU.ActiveCfg = Debug|Any CPU
		{6EF18718-77AA-4D95-B23A-CBB6A6A830D2}.Debug|Any CPU.Build.0 = Debug|Any CPU
		{6EF18718-77AA-4D95-B23A-CBB6A6A830D2}.Release|Any CPU.ActiveCfg = Release|Any CPU
		{6EF18718-77AA-4D95-B23A-CBB6A6A830D2}.Release|Any CPU.Build.0 = Release|Any CPU
		{B990576A-B767-4802-AB6F-36C16F719B4E}.Debug|Any CPU.ActiveCfg = Debug|Any CPU
		{B990576A-B767-4802-AB6F-36C16F719B4E}.Debug|Any CPU.Build.0 = Debug|Any CPU
		{B990576A-B767-4802-AB6F-36C16F719B4E}.Release|Any CPU.ActiveCfg = Release|Any CPU
		{B990576A-B767-4802-AB6F-36C16F719B4E}.Release|Any CPU.Build.0 = Release|Any CPU
		{8513FB4B-8643-4C1F-B46F-3449390AD392}.Debug|Any CPU.ActiveCfg = Debug|Any CPU
		{8513FB4B-8643-4C1F-B46F-3449390AD392}.Debug|Any CPU.Build.0 = Debug|Any CPU
		{8513FB4B-8643-4C1F-B46F-3449390AD392}.Release|Any CPU.ActiveCfg = Release|Any CPU
		{8513FB4B-8643-4C1F-B46F-3449390AD392}.Release|Any CPU.Build.0 = Release|Any CPU
		{956C0D03-5955-4A25-BB2D-D367460150EA}.Debug|Any CPU.ActiveCfg = Debug|Any CPU
		{956C0D03-5955-4A25-BB2D-D367460150EA}.Debug|Any CPU.Build.0 = Debug|Any CPU
		{956C0D03-5955-4A25-BB2D-D367460150EA}.Release|Any CPU.ActiveCfg = Release|Any CPU
		{956C0D03-5955-4A25-BB2D-D367460150EA}.Release|Any CPU.Build.0 = Release|Any CPU
		{367A81F5-8CAE-4F46-B6A5-6A935BA6F1CB}.Debug|Any CPU.ActiveCfg = Debug|Any CPU
		{367A81F5-8CAE-4F46-B6A5-6A935BA6F1CB}.Debug|Any CPU.Build.0 = Debug|Any CPU
		{367A81F5-8CAE-4F46-B6A5-6A935BA6F1CB}.Release|Any CPU.ActiveCfg = Release|Any CPU
		{367A81F5-8CAE-4F46-B6A5-6A935BA6F1CB}.Release|Any CPU.Build.0 = Release|Any CPU
		{DF5D0EA6-22E1-43B2-BA4E-047607665023}.Debug|Any CPU.ActiveCfg = Debug|Any CPU
		{DF5D0EA6-22E1-43B2-BA4E-047607665023}.Debug|Any CPU.Build.0 = Debug|Any CPU
		{DF5D0EA6-22E1-43B2-BA4E-047607665023}.Release|Any CPU.ActiveCfg = Release|Any CPU
		{DF5D0EA6-22E1-43B2-BA4E-047607665023}.Release|Any CPU.Build.0 = Release|Any CPU
		{FE996270-C3C8-42D9-A886-54B5A59B6B24}.Debug|Any CPU.ActiveCfg = Debug|Any CPU
		{FE996270-C3C8-42D9-A886-54B5A59B6B24}.Debug|Any CPU.Build.0 = Debug|Any CPU
		{FE996270-C3C8-42D9-A886-54B5A59B6B24}.Release|Any CPU.ActiveCfg = Release|Any CPU
		{FE996270-C3C8-42D9-A886-54B5A59B6B24}.Release|Any CPU.Build.0 = Release|Any CPU
		{0BD45C80-AB9C-40F4-8400-D1ADDB236BC1}.Debug|Any CPU.ActiveCfg = Debug|Any CPU
		{0BD45C80-AB9C-40F4-8400-D1ADDB236BC1}.Debug|Any CPU.Build.0 = Debug|Any CPU
		{0BD45C80-AB9C-40F4-8400-D1ADDB236BC1}.Release|Any CPU.ActiveCfg = Release|Any CPU
		{0BD45C80-AB9C-40F4-8400-D1ADDB236BC1}.Release|Any CPU.Build.0 = Release|Any CPU
		{01ABA623-1598-4944-B1FD-C85AD34B2BDC}.Debug|Any CPU.ActiveCfg = Debug|Any CPU
		{01ABA623-1598-4944-B1FD-C85AD34B2BDC}.Debug|Any CPU.Build.0 = Debug|Any CPU
		{01ABA623-1598-4944-B1FD-C85AD34B2BDC}.Release|Any CPU.ActiveCfg = Release|Any CPU
		{01ABA623-1598-4944-B1FD-C85AD34B2BDC}.Release|Any CPU.Build.0 = Release|Any CPU
		{1CBA53FC-A588-4512-BACD-E33490184053}.Debug|Any CPU.ActiveCfg = Debug|Any CPU
		{1CBA53FC-A588-4512-BACD-E33490184053}.Debug|Any CPU.Build.0 = Debug|Any CPU
		{1CBA53FC-A588-4512-BACD-E33490184053}.Release|Any CPU.ActiveCfg = Release|Any CPU
		{1CBA53FC-A588-4512-BACD-E33490184053}.Release|Any CPU.Build.0 = Release|Any CPU
		{889C5D5B-4597-46DC-B102-9426C7DABBF7}.Debug|Any CPU.ActiveCfg = Debug|Any CPU
		{889C5D5B-4597-46DC-B102-9426C7DABBF7}.Debug|Any CPU.Build.0 = Debug|Any CPU
		{889C5D5B-4597-46DC-B102-9426C7DABBF7}.Release|Any CPU.ActiveCfg = Release|Any CPU
		{889C5D5B-4597-46DC-B102-9426C7DABBF7}.Release|Any CPU.Build.0 = Release|Any CPU
		{AB2A50FF-7546-455E-AB35-F51A00B44CEB}.Debug|Any CPU.ActiveCfg = Debug|Any CPU
		{AB2A50FF-7546-455E-AB35-F51A00B44CEB}.Debug|Any CPU.Build.0 = Debug|Any CPU
		{AB2A50FF-7546-455E-AB35-F51A00B44CEB}.Release|Any CPU.ActiveCfg = Release|Any CPU
		{AB2A50FF-7546-455E-AB35-F51A00B44CEB}.Release|Any CPU.Build.0 = Release|Any CPU
	EndGlobalSection
	GlobalSection(SolutionProperties) = preSolution
		HideSolutionNode = FALSE
	EndGlobalSection
	GlobalSection(NestedProjects) = preSolution
		{7A2B49A0-808E-4F2C-8734-67C54BDCE4CE} = {02EA681E-C7D8-13C7-8484-4AC65E1B71E8}
		{52670E18-25E8-465C-B28B-8D3ACC08A949} = {02EA681E-C7D8-13C7-8484-4AC65E1B71E8}
		{2E04A9AC-3D4D-4ED6-B15F-4A66D9D72E88} = {3111E880-2610-4D6C-B6AB-3F5F688BBCE5}
		{13AC1632-2837-4105-AB61-2F75E705F62E} = {02EA681E-C7D8-13C7-8484-4AC65E1B71E8}
		{EB27E21A-16F1-4CCC-9865-0D4FD407B2C5} = {02EA681E-C7D8-13C7-8484-4AC65E1B71E8}
		{87D2CECA-308A-4B89-8B48-B2C6EDD5817F} = {EB27E21A-16F1-4CCC-9865-0D4FD407B2C5}
		{AAF89F82-1E40-4980-BDD2-0C5BC7674F0B} = {02EA681E-C7D8-13C7-8484-4AC65E1B71E8}
		{6F6507AA-5346-4496-AD3A-244132C3A1D9} = {0BA62D2E-E492-4824-BBF8-053F1B4AF59C}
		{A7D7F727-D149-4308-AC3C-D216EC772464} = {0BA62D2E-E492-4824-BBF8-053F1B4AF59C}
		{9D228A84-D260-477D-BAD9-DC8D091508D4} = {0BA62D2E-E492-4824-BBF8-053F1B4AF59C}
		{52DFC64C-68A8-477E-B8C7-97DEB58F3441} = {0BA62D2E-E492-4824-BBF8-053F1B4AF59C}
		{F0602E97-C197-4467-BC5A-97E11ED44E66} = {52DFC64C-68A8-477E-B8C7-97DEB58F3441}
		{7FFCD5FB-A041-41F8-A2D1-ACB257A9B1A1} = {0BA62D2E-E492-4824-BBF8-053F1B4AF59C}
		{F017C832-36F3-40FC-912C-4A8ED362C21C} = {B24DE1B1-16AB-4EE2-800C-113282F4E9D9}
		{4ABAE27A-44A2-4398-BB55-7054D92CA20D} = {B24DE1B1-16AB-4EE2-800C-113282F4E9D9}
		{031EACE5-CDCE-4B4E-8B4D-C5211EDD29C3} = {B24DE1B1-16AB-4EE2-800C-113282F4E9D9}
		{D46C7653-76CF-47D6-A923-CE16CF56AB25} = {B24DE1B1-16AB-4EE2-800C-113282F4E9D9}
		{10A10D1D-8E34-4CB6-9529-0CD965BF9F6F} = {596BEA8B-F9C5-4EA9-AC99-52B5B9D7D321}
		{F6933F80-398B-4389-A061-01F29FFC5BD4} = {8237EA71-8C22-403C-BF24-C68684C11783}
		{013922C4-C629-40D5-95EB-B53A51F1B0ED} = {8237EA71-8C22-403C-BF24-C68684C11783}
		{BDA0D8D7-609C-4A98-8F33-7B16BFDD5D5E} = {8237EA71-8C22-403C-BF24-C68684C11783}
		{6EF18718-77AA-4D95-B23A-CBB6A6A830D2} = {8237EA71-8C22-403C-BF24-C68684C11783}
		{B990576A-B767-4802-AB6F-36C16F719B4E} = {0EFDEEDE-9164-4B72-A3AF-33B44C100D10}
		{8513FB4B-8643-4C1F-B46F-3449390AD392} = {0EFDEEDE-9164-4B72-A3AF-33B44C100D10}
		{956C0D03-5955-4A25-BB2D-D367460150EA} = {0EFDEEDE-9164-4B72-A3AF-33B44C100D10}
		{367A81F5-8CAE-4F46-B6A5-6A935BA6F1CB} = {0EFDEEDE-9164-4B72-A3AF-33B44C100D10}
		{DF5D0EA6-22E1-43B2-BA4E-047607665023} = {76D774E4-37CD-4E6F-8EBE-CD33E9986730}
		{FE996270-C3C8-42D9-A886-54B5A59B6B24} = {76D774E4-37CD-4E6F-8EBE-CD33E9986730}
		{0BD45C80-AB9C-40F4-8400-D1ADDB236BC1} = {76D774E4-37CD-4E6F-8EBE-CD33E9986730}
		{01ABA623-1598-4944-B1FD-C85AD34B2BDC} = {76D774E4-37CD-4E6F-8EBE-CD33E9986730}
		{1CBA53FC-A588-4512-BACD-E33490184053} = {76D774E4-37CD-4E6F-8EBE-CD33E9986730}
		{889C5D5B-4597-46DC-B102-9426C7DABBF7} = {0EFDEEDE-9164-4B72-A3AF-33B44C100D10}
		{AB2A50FF-7546-455E-AB35-F51A00B44CEB} = {CEAA1603-A770-476C-87F3-23E6AA2063AE}
	EndGlobalSection
	GlobalSection(ExtensibilityGlobals) = postSolution
		SolutionGuid = {854E9683-3600-41BC-A815-52488984E5D7}
	EndGlobalSection
EndGlobal
