
Microsoft Visual Studio Solution File, Format Version 12.00
# Visual Studio Version 17
VisualStudioVersion = 17.14.36616.10 d17.14
MinimumVisualStudioVersion = 10.0.40219.1
Project("{2150E333-8FDC-42A3-9474-1A3956D46DE8}") = "product-catalog", "product-catalog", "{02EA681E-C7D8-13C7-8484-4AC65E1B71E8}"
EndProject
Project("{FAE04EC0-301F-11D3-BF4B-00C04F79EFBC}") = "Amazon.ProductCatalog.Api", "product-catalog\Amazon.ProductCatalog.Api\Amazon.ProductCatalog.Api.csproj", "{7A2B49A0-808E-4F2C-8734-67C54BDCE4CE}"
EndProject
Project("{FAE04EC0-301F-11D3-BF4B-00C04F79EFBC}") = "Amazon.ProductCatalog.Domain", "product-catalog\Amazon.ProductCatalog.Domain\Amazon.ProductCatalog.Domain.csproj", "{52670E18-25E8-465C-B28B-8D3ACC08A949}"
EndProject
Project("{2150E333-8FDC-42A3-9474-1A3956D46DE8}") = "shared-kernel", "shared-kernel", "{3111E880-2610-4D6C-B6AB-3F5F688BBCE5}"
EndProject
Project("{FAE04EC0-301F-11D3-BF4B-00C04F79EFBC}") = "Amazon.SharedKernel", "shared-kernel\Amazon.SharedKernel\Amazon.SharedKernel.csproj", "{2E04A9AC-3D4D-4ED6-B15F-4A66D9D72E88}"
EndProject
Global
	GlobalSection(SolutionConfigurationPlatforms) = preSolution
		Debug|Any CPU = Debug|Any CPU
		Release|Any CPU = Release|Any CPU
	EndGlobalSection
	GlobalSection(ProjectConfigurationPlatforms) = postSolution
		{7A2B49A0-808E-4F2C-8734-67C54BDCE4CE}.Debug|Any CPU.ActiveCfg = Debug|Any CPU
		{7A2B49A0-808E-4F2C-8734-67C54BDCE4CE}.Debug|Any CPU.Build.0 = Debug|Any CPU
		{7A2B49A0-808E-4F2C-8734-67C54BDCE4CE}.Release|Any CPU.ActiveCfg = Release|Any CPU
		{7A2B49A0-808E-4F2C-8734-67C54BDCE4CE}.Release|Any CPU.Build.0 = Release|Any CPU
		{52670E18-25E8-465C-B28B-8D3ACC08A949}.Debug|Any CPU.ActiveCfg = Debug|Any CPU
		{52670E18-25E8-465C-B28B-8D3ACC08A949}.Debug|Any CPU.Build.0 = Debug|Any CPU
		{52670E18-25E8-465C-B28B-8D3ACC08A949}.Release|Any CPU.ActiveCfg = Release|Any CPU
		{52670E18-25E8-465C-B28B-8D3ACC08A949}.Release|Any CPU.Build.0 = Release|Any CPU
		{2E04A9AC-3D4D-4ED6-B15F-4A66D9D72E88}.Debug|Any CPU.ActiveCfg = Debug|Any CPU
		{2E04A9AC-3D4D-4ED6-B15F-4A66D9D72E88}.Debug|Any CPU.Build.0 = Debug|Any CPU
		{2E04A9AC-3D4D-4ED6-B15F-4A66D9D72E88}.Release|Any CPU.ActiveCfg = Release|Any CPU
		{2E04A9AC-3D4D-4ED6-B15F-4A66D9D72E88}.Release|Any CPU.Build.0 = Release|Any CPU
	EndGlobalSection
	GlobalSection(SolutionProperties) = preSolution
		HideSolutionNode = FALSE
	EndGlobalSection
	GlobalSection(NestedProjects) = preSolution
		{7A2B49A0-808E-4F2C-8734-67C54BDCE4CE} = {02EA681E-C7D8-13C7-8484-4AC65E1B71E8}
		{52670E18-25E8-465C-B28B-8D3ACC08A949} = {02EA681E-C7D8-13C7-8484-4AC65E1B71E8}
		{2E04A9AC-3D4D-4ED6-B15F-4A66D9D72E88} = {3111E880-2610-4D6C-B6AB-3F5F688BBCE5}
	EndGlobalSection
	GlobalSection(ExtensibilityGlobals) = postSolution
		SolutionGuid = {854E9683-3600-41BC-A815-52488984E5D7}
	EndGlobalSection
EndGlobal
